
Microsoft Visual Studio Solution File, Format Version 12.00
# Visual Studio Version 16
VisualStudioVersion = 16.0.31025.194
MinimumVisualStudioVersion = 10.0.40219.1
Project("{FAE04EC0-301F-11D3-BF4B-00C04F79EFBC}") = "Backend", "Backend\Backend.csproj", "{B74D8EBD-F651-4E8C-8A01-593F23894E7B}"
EndProject
Global
	GlobalSection(SolutionConfigurationPlatforms) = preSolution
		Debug|Any CPU = Debug|Any CPU
		Release|Any CPU = Release|Any CPU
	EndGlobalSection
	GlobalSection(ProjectConfigurationPlatforms) = postSolution
		{B74D8EBD-F651-4E8C-8A01-593F23894E7B}.Debug|Any CPU.ActiveCfg = Debug|Any CPU
		{B74D8EBD-F651-4E8C-8A01-593F23894E7B}.Debug|Any CPU.Build.0 = Debug|Any CPU
		{B74D8EBD-F651-4E8C-8A01-593F23894E7B}.Release|Any CPU.ActiveCfg = Release|Any CPU
		{B74D8EBD-F651-4E8C-8A01-593F23894E7B}.Release|Any CPU.Build.0 = Release|Any CPU
	EndGlobalSection
	GlobalSection(SolutionProperties) = preSolution
		HideSolutionNode = FALSE
	EndGlobalSection
	GlobalSection(ExtensibilityGlobals) = postSolution
		SolutionGuid = {A4DC036D-AD1F-4FE3-AF8E-93DF379DB43A}
	EndGlobalSection
EndGlobal
